
Microsoft Visual Studio Solution File, Format Version 12.00
# Visual Studio Version 17
VisualStudioVersion = 17.0.31919.166
MinimumVisualStudioVersion = 10.0.40219.1
Project("{FAE04EC0-301F-11D3-BF4B-00C04F79EFBC}") = "Spents.Events", "Spents.Events\Spents.Events.csproj", "{1D211842-9841-48A6-9FA0-C16B5A30D5DA}"
EndProject
Global
	GlobalSection(SolutionConfigurationPlatforms) = preSolution
		Debug|Any CPU = Debug|Any CPU
		Release|Any CPU = Release|Any CPU
	EndGlobalSection
	GlobalSection(ProjectConfigurationPlatforms) = postSolution
		{1D211842-9841-48A6-9FA0-C16B5A30D5DA}.Debug|Any CPU.ActiveCfg = Debug|Any CPU
		{1D211842-9841-48A6-9FA0-C16B5A30D5DA}.Debug|Any CPU.Build.0 = Debug|Any CPU
		{1D211842-9841-48A6-9FA0-C16B5A30D5DA}.Release|Any CPU.ActiveCfg = Release|Any CPU
		{1D211842-9841-48A6-9FA0-C16B5A30D5DA}.Release|Any CPU.Build.0 = Release|Any CPU
	EndGlobalSection
	GlobalSection(SolutionProperties) = preSolution
		HideSolutionNode = FALSE
	EndGlobalSection
	GlobalSection(ExtensibilityGlobals) = postSolution
		SolutionGuid = {438E45BA-B1B8-4D0E-AFBC-10DA2860F913}
	EndGlobalSection
EndGlobal
